// !$*UTF8*$!
{
	archiveVersion = 1;
	classes = {
	};
	objectVersion = 56;
	objects = {

/* Begin PBXBuildFile section */
		B55A6F332C1E8FCF00243D16 /* AppDelegate.swift in Sources */ = {isa = PBXBuildFile; fileRef = B55A6F322C1E8FCF00243D16 /* AppDelegate.swift */; };
		B55A6F352C1E8FCF00243D16 /* SceneDelegate.swift in Sources */ = {isa = PBXBuildFile; fileRef = B55A6F342C1E8FCF00243D16 /* SceneDelegate.swift */; };
		B55A6F372C1E8FCF00243D16 /* ViewController.swift in Sources */ = {isa = PBXBuildFile; fileRef = B55A6F362C1E8FCF00243D16 /* ViewController.swift */; };
		B55A6F3A2C1E8FCF00243D16 /* Base in Resources */ = {isa = PBXBuildFile; fileRef = B55A6F392C1E8FCF00243D16 /* Base */; };
		B55A6F3C2C1E8FD000243D16 /* Assets.xcassets in Resources */ = {isa = PBXBuildFile; fileRef = B55A6F3B2C1E8FD000243D16 /* Assets.xcassets */; };
		B55A6F3F2C1E8FD000243D16 /* Base in Resources */ = {isa = PBXBuildFile; fileRef = B55A6F3E2C1E8FD000243D16 /* Base */; };
		B55A6F4A2C1E8FD000243D16 /* Light_appTests.swift in Sources */ = {isa = PBXBuildFile; fileRef = B55A6F492C1E8FD000243D16 /* Light_appTests.swift */; };
		B55A6F542C1E8FD000243D16 /* Light_appUITests.swift in Sources */ = {isa = PBXBuildFile; fileRef = B55A6F532C1E8FD000243D16 /* Light_appUITests.swift */; };
		B55A6F562C1E8FD000243D16 /* Light_appUITestsLaunchTests.swift in Sources */ = {isa = PBXBuildFile; fileRef = B55A6F552C1E8FD000243D16 /* Light_appUITestsLaunchTests.swift */; };
/* End PBXBuildFile section */

/* Begin PBXContainerItemProxy section */
		B55A6F462C1E8FD000243D16 /* PBXContainerItemProxy */ = {
			isa = PBXContainerItemProxy;
			containerPortal = B55A6F272C1E8FCF00243D16 /* Project object */;
			proxyType = 1;
			remoteGlobalIDString = B55A6F2E2C1E8FCF00243D16;
			remoteInfo = "Light app";
		};
		B55A6F502C1E8FD000243D16 /* PBXContainerItemProxy */ = {
			isa = PBXContainerItemProxy;
			containerPortal = B55A6F272C1E8FCF00243D16 /* Project object */;
			proxyType = 1;
			remoteGlobalIDString = B55A6F2E2C1E8FCF00243D16;
			remoteInfo = "Light app";
		};
/* End PBXContainerItemProxy section */

/* Begin PBXFileReference section */
		B55A6F2F2C1E8FCF00243D16 /* Light app.app */ = {isa = PBXFileReference; explicitFileType = wrapper.application; includeInIndex = 0; path = "Light app.app"; sourceTree = BUILT_PRODUCTS_DIR; };
		B55A6F322C1E8FCF00243D16 /* AppDelegate.swift */ = {isa = PBXFileReference; lastKnownFileType = sourcecode.swift; path = AppDelegate.swift; sourceTree = "<group>"; };
		B55A6F342C1E8FCF00243D16 /* SceneDelegate.swift */ = {isa = PBXFileReference; lastKnownFileType = sourcecode.swift; path = SceneDelegate.swift; sourceTree = "<group>"; };
		B55A6F362C1E8FCF00243D16 /* ViewController.swift */ = {isa = PBXFileReference; lastKnownFileType = sourcecode.swift; path = ViewController.swift; sourceTree = "<group>"; };
		B55A6F392C1E8FCF00243D16 /* Base */ = {isa = PBXFileReference; lastKnownFileType = file.storyboard; name = Base; path = Base.lproj/Main.storyboard; sourceTree = "<group>"; };
		B55A6F3B2C1E8FD000243D16 /* Assets.xcassets */ = {isa = PBXFileReference; lastKnownFileType = folder.assetcatalog; path = Assets.xcassets; sourceTree = "<group>"; };
		B55A6F3E2C1E8FD000243D16 /* Base */ = {isa = PBXFileReference; lastKnownFileType = file.storyboard; name = Base; path = Base.lproj/LaunchScreen.storyboard; sourceTree = "<group>"; };
		B55A6F402C1E8FD000243D16 /* Info.plist */ = {isa = PBXFileReference; lastKnownFileType = text.plist.xml; path = Info.plist; sourceTree = "<group>"; };
		B55A6F452C1E8FD000243D16 /* Light appTests.xctest */ = {isa = PBXFileReference; explicitFileType = wrapper.cfbundle; includeInIndex = 0; path = "Light appTests.xctest"; sourceTree = BUILT_PRODUCTS_DIR; };
		B55A6F492C1E8FD000243D16 /* Light_appTests.swift */ = {isa = PBXFileReference; lastKnownFileType = sourcecode.swift; path = Light_appTests.swift; sourceTree = "<group>"; };
		B55A6F4F2C1E8FD000243D16 /* Light appUITests.xctest */ = {isa = PBXFileReference; explicitFileType = wrapper.cfbundle; includeInIndex = 0; path = "Light appUITests.xctest"; sourceTree = BUILT_PRODUCTS_DIR; };
		B55A6F532C1E8FD000243D16 /* Light_appUITests.swift */ = {isa = PBXFileReference; lastKnownFileType = sourcecode.swift; path = Light_appUITests.swift; sourceTree = "<group>"; };
		B55A6F552C1E8FD000243D16 /* Light_appUITestsLaunchTests.swift */ = {isa = PBXFileReference; lastKnownFileType = sourcecode.swift; path = Light_appUITestsLaunchTests.swift; sourceTree = "<group>"; };
/* End PBXFileReference section */

/* Begin PBXFrameworksBuildPhase section */
		B55A6F2C2C1E8FCF00243D16 /* Frameworks */ = {
			isa = PBXFrameworksBuildPhase;
			buildActionMask = 2147483647;
			files = (
			);
			runOnlyForDeploymentPostprocessing = 0;
		};
		B55A6F422C1E8FD000243D16 /* Frameworks */ = {
			isa = PBXFrameworksBuildPhase;
			buildActionMask = 2147483647;
			files = (
			);
			runOnlyForDeploymentPostprocessing = 0;
		};
		B55A6F4C2C1E8FD000243D16 /* Frameworks */ = {
			isa = PBXFrameworksBuildPhase;
			buildActionMask = 2147483647;
			files = (
			);
			runOnlyForDeploymentPostprocessing = 0;
		};
/* End PBXFrameworksBuildPhase section */

/* Begin PBXGroup section */
		B55A6F262C1E8FCF00243D16 = {
			isa = PBXGroup;
			children = (
				B55A6F312C1E8FCF00243D16 /* Light app */,
				B55A6F482C1E8FD000243D16 /* Light appTests */,
				B55A6F522C1E8FD000243D16 /* Light appUITests */,
				B55A6F302C1E8FCF00243D16 /* Products */,
			);
			sourceTree = "<group>";
		};
		B55A6F302C1E8FCF00243D16 /* Products */ = {
			isa = PBXGroup;
			children = (
				B55A6F2F2C1E8FCF00243D16 /* Light app.app */,
				B55A6F452C1E8FD000243D16 /* Light appTests.xctest */,
				B55A6F4F2C1E8FD000243D16 /* Light appUITests.xctest */,
			);
			name = Products;
			sourceTree = "<group>";
		};
		B55A6F312C1E8FCF00243D16 /* Light app */ = {
			isa = PBXGroup;
			children = (
				B55A6F322C1E8FCF00243D16 /* AppDelegate.swift */,
				B55A6F342C1E8FCF00243D16 /* SceneDelegate.swift */,
				B55A6F362C1E8FCF00243D16 /* ViewController.swift */,
				B55A6F382C1E8FCF00243D16 /* Main.storyboard */,
				B55A6F3B2C1E8FD000243D16 /* Assets.xcassets */,
				B55A6F3D2C1E8FD000243D16 /* LaunchScreen.storyboard */,
				B55A6F402C1E8FD000243D16 /* Info.plist */,
			);
			path = "Light app";
			sourceTree = "<group>";
		};
		B55A6F482C1E8FD000243D16 /* Light appTests */ = {
			isa = PBXGroup;
			children = (
				B55A6F492C1E8FD000243D16 /* Light_appTests.swift */,
			);
			path = "Light appTests";
			sourceTree = "<group>";
		};
		B55A6F522C1E8FD000243D16 /* Light appUITests */ = {
			isa = PBXGroup;
			children = (
				B55A6F532C1E8FD000243D16 /* Light_appUITests.swift */,
				B55A6F552C1E8FD000243D16 /* Light_appUITestsLaunchTests.swift */,
			);
			path = "Light appUITests";
			sourceTree = "<group>";
		};
/* End PBXGroup section */

/* Begin PBXNativeTarget section */
		B55A6F2E2C1E8FCF00243D16 /* Light app */ = {
			isa = PBXNativeTarget;
			buildConfigurationList = B55A6F592C1E8FD000243D16 /* Build configuration list for PBXNativeTarget "Light app" */;
			buildPhases = (
				B55A6F2B2C1E8FCF00243D16 /* Sources */,
				B55A6F2C2C1E8FCF00243D16 /* Frameworks */,
				B55A6F2D2C1E8FCF00243D16 /* Resources */,
			);
			buildRules = (
			);
			dependencies = (
			);
			name = "Light app";
			productName = "Light app";
			productReference = B55A6F2F2C1E8FCF00243D16 /* Light app.app */;
			productType = "com.apple.product-type.application";
		};
		B55A6F442C1E8FD000243D16 /* Light appTests */ = {
			isa = PBXNativeTarget;
			buildConfigurationList = B55A6F5C2C1E8FD000243D16 /* Build configuration list for PBXNativeTarget "Light appTests" */;
			buildPhases = (
				B55A6F412C1E8FD000243D16 /* Sources */,
				B55A6F422C1E8FD000243D16 /* Frameworks */,
				B55A6F432C1E8FD000243D16 /* Resources */,
			);
			buildRules = (
			);
			dependencies = (
				B55A6F472C1E8FD000243D16 /* PBXTargetDependency */,
			);
			name = "Light appTests";
			productName = "Light appTests";
			productReference = B55A6F452C1E8FD000243D16 /* Light appTests.xctest */;
			productType = "com.apple.product-type.bundle.unit-test";
		};
		B55A6F4E2C1E8FD000243D16 /* Light appUITests */ = {
			isa = PBXNativeTarget;
			buildConfigurationList = B55A6F5F2C1E8FD000243D16 /* Build configuration list for PBXNativeTarget "Light appUITests" */;
			buildPhases = (
				B55A6F4B2C1E8FD000243D16 /* Sources */,
				B55A6F4C2C1E8FD000243D16 /* Frameworks */,
				B55A6F4D2C1E8FD000243D16 /* Resources */,
			);
			buildRules = (
			);
			dependencies = (
				B55A6F512C1E8FD000243D16 /* PBXTargetDependency */,
			);
			name = "Light appUITests";
			productName = "Light appUITests";
			productReference = B55A6F4F2C1E8FD000243D16 /* Light appUITests.xctest */;
			productType = "com.apple.product-type.bundle.ui-testing";
		};
/* End PBXNativeTarget section */

/* Begin PBXProject section */
		B55A6F272C1E8FCF00243D16 /* Project object */ = {
			isa = PBXProject;
			attributes = {
				BuildIndependentTargetsInParallel = 1;
				LastSwiftUpdateCheck = 1540;
				LastUpgradeCheck = 1540;
				TargetAttributes = {
					B55A6F2E2C1E8FCF00243D16 = {
						CreatedOnToolsVersion = 15.4;
					};
					B55A6F442C1E8FD000243D16 = {
						CreatedOnToolsVersion = 15.4;
						TestTargetID = B55A6F2E2C1E8FCF00243D16;
					};
					B55A6F4E2C1E8FD000243D16 = {
						CreatedOnToolsVersion = 15.4;
						TestTargetID = B55A6F2E2C1E8FCF00243D16;
					};
				};
			};
			buildConfigurationList = B55A6F2A2C1E8FCF00243D16 /* Build configuration list for PBXProject "Light app" */;
			compatibilityVersion = "Xcode 14.0";
			developmentRegion = en;
			hasScannedForEncodings = 0;
			knownRegions = (
				en,
				Base,
			);
			mainGroup = B55A6F262C1E8FCF00243D16;
			productRefGroup = B55A6F302C1E8FCF00243D16 /* Products */;
			projectDirPath = "";
			projectRoot = "";
			targets = (
				B55A6F2E2C1E8FCF00243D16 /* Light app */,
				B55A6F442C1E8FD000243D16 /* Light appTests */,
				B55A6F4E2C1E8FD000243D16 /* Light appUITests */,
			);
		};
/* End PBXProject section */

/* Begin PBXResourcesBuildPhase section */
		B55A6F2D2C1E8FCF00243D16 /* Resources */ = {
			isa = PBXResourcesBuildPhase;
			buildActionMask = 2147483647;
			files = (
				B55A6F3C2C1E8FD000243D16 /* Assets.xcassets in Resources */,
				B55A6F3F2C1E8FD000243D16 /* Base in Resources */,
				B55A6F3A2C1E8FCF00243D16 /* Base in Resources */,
			);
			runOnlyForDeploymentPostprocessing = 0;
		};
		B55A6F432C1E8FD000243D16 /* Resources */ = {
			isa = PBXResourcesBuildPhase;
			buildActionMask = 2147483647;
			files = (
			);
			runOnlyForDeploymentPostprocessing = 0;
		};
		B55A6F4D2C1E8FD000243D16 /* Resources */ = {
			isa = PBXResourcesBuildPhase;
			buildActionMask = 2147483647;
			files = (
			);
			runOnlyForDeploymentPostprocessing = 0;
		};
/* End PBXResourcesBuildPhase section */

/* Begin PBXSourcesBuildPhase section */
		B55A6F2B2C1E8FCF00243D16 /* Sources */ = {
			isa = PBXSourcesBuildPhase;
			buildActionMask = 2147483647;
			files = (
				B55A6F372C1E8FCF00243D16 /* ViewController.swift in Sources */,
				B55A6F332C1E8FCF00243D16 /* AppDelegate.swift in Sources */,
				B55A6F352C1E8FCF00243D16 /* SceneDelegate.swift in Sources */,
			);
			runOnlyForDeploymentPostprocessing = 0;
		};
		B55A6F412C1E8FD000243D16 /* Sources */ = {
			isa = PBXSourcesBuildPhase;
			buildActionMask = 2147483647;
			files = (
				B55A6F4A2C1E8FD000243D16 /* Light_appTests.swift in Sources */,
			);
			runOnlyForDeploymentPostprocessing = 0;
		};
		B55A6F4B2C1E8FD000243D16 /* Sources */ = {
			isa = PBXSourcesBuildPhase;
			buildActionMask = 2147483647;
			files = (
				B55A6F542C1E8FD000243D16 /* Light_appUITests.swift in Sources */,
				B55A6F562C1E8FD000243D16 /* Light_appUITestsLaunchTests.swift in Sources */,
			);
			runOnlyForDeploymentPostprocessing = 0;
		};
/* End PBXSourcesBuildPhase section */

/* Begin PBXTargetDependency section */
		B55A6F472C1E8FD000243D16 /* PBXTargetDependency */ = {
			isa = PBXTargetDependency;
			target = B55A6F2E2C1E8FCF00243D16 /* Light app */;
			targetProxy = B55A6F462C1E8FD000243D16 /* PBXContainerItemProxy */;
		};
		B55A6F512C1E8FD000243D16 /* PBXTargetDependency */ = {
			isa = PBXTargetDependency;
			target = B55A6F2E2C1E8FCF00243D16 /* Light app */;
			targetProxy = B55A6F502C1E8FD000243D16 /* PBXContainerItemProxy */;
		};
/* End PBXTargetDependency section */

/* Begin PBXVariantGroup section */
		B55A6F382C1E8FCF00243D16 /* Main.storyboard */ = {
			isa = PBXVariantGroup;
			children = (
				B55A6F392C1E8FCF00243D16 /* Base */,
			);
			name = Main.storyboard;
			sourceTree = "<group>";
		};
		B55A6F3D2C1E8FD000243D16 /* LaunchScreen.storyboard */ = {
			isa = PBXVariantGroup;
			children = (
				B55A6F3E2C1E8FD000243D16 /* Base */,
			);
			name = LaunchScreen.storyboard;
			sourceTree = "<group>";
		};
/* End PBXVariantGroup section */

/* Begin XCBuildConfiguration section */
		B55A6F572C1E8FD000243D16 /* Debug */ = {
			isa = XCBuildConfiguration;
			buildSettings = {
				ALWAYS_SEARCH_USER_PATHS = NO;
				ASSETCATALOG_COMPILER_GENERATE_SWIFT_ASSET_SYMBOL_EXTENSIONS = YES;
				CLANG_ANALYZER_NONNULL = YES;
				CLANG_ANALYZER_NUMBER_OBJECT_CONVERSION = YES_AGGRESSIVE;
				CLANG_CXX_LANGUAGE_STANDARD = "gnu++20";
				CLANG_ENABLE_MODULES = YES;
				CLANG_ENABLE_OBJC_ARC = YES;
				CLANG_ENABLE_OBJC_WEAK = YES;
				CLANG_WARN_BLOCK_CAPTURE_AUTORELEASING = YES;
				CLANG_WARN_BOOL_CONVERSION = YES;
				CLANG_WARN_COMMA = YES;
				CLANG_WARN_CONSTANT_CONVERSION = YES;
				CLANG_WARN_DEPRECATED_OBJC_IMPLEMENTATIONS = YES;
				CLANG_WARN_DIRECT_OBJC_ISA_USAGE = YES_ERROR;
				CLANG_WARN_DOCUMENTATION_COMMENTS = YES;
				CLANG_WARN_EMPTY_BODY = YES;
				CLANG_WARN_ENUM_CONVERSION = YES;
				CLANG_WARN_INFINITE_RECURSION = YES;
				CLANG_WARN_INT_CONVERSION = YES;
				CLANG_WARN_NON_LITERAL_NULL_CONVERSION = YES;
				CLANG_WARN_OBJC_IMPLICIT_RETAIN_SELF = YES;
				CLANG_WARN_OBJC_LITERAL_CONVERSION = YES;
				CLANG_WARN_OBJC_ROOT_CLASS = YES_ERROR;
				CLANG_WARN_QUOTED_INCLUDE_IN_FRAMEWORK_HEADER = YES;
				CLANG_WARN_RANGE_LOOP_ANALYSIS = YES;
				CLANG_WARN_STRICT_PROTOTYPES = YES;
				CLANG_WARN_SUSPICIOUS_MOVE = YES;
				CLANG_WARN_UNGUARDED_AVAILABILITY = YES_AGGRESSIVE;
				CLANG_WARN_UNREACHABLE_CODE = YES;
				CLANG_WARN__DUPLICATE_METHOD_MATCH = YES;
				COPY_PHASE_STRIP = NO;
				DEBUG_INFORMATION_FORMAT = dwarf;
				ENABLE_STRICT_OBJC_MSGSEND = YES;
				ENABLE_TESTABILITY = YES;
				ENABLE_USER_SCRIPT_SANDBOXING = YES;
				GCC_C_LANGUAGE_STANDARD = gnu17;
				GCC_DYNAMIC_NO_PIC = NO;
				GCC_NO_COMMON_BLOCKS = YES;
				GCC_OPTIMIZATION_LEVEL = 0;
				GCC_PREPROCESSOR_DEFINITIONS = (
					"DEBUG=1",
					"$(inherited)",
				);
				GCC_WARN_64_TO_32_BIT_CONVERSION = YES;
				GCC_WARN_ABOUT_RETURN_TYPE = YES_ERROR;
				GCC_WARN_UNDECLARED_SELECTOR = YES;
				GCC_WARN_UNINITIALIZED_AUTOS = YES_AGGRESSIVE;
				GCC_WARN_UNUSED_FUNCTION = YES;
				GCC_WARN_UNUSED_VARIABLE = YES;
				IPHONEOS_DEPLOYMENT_TARGET = 17.5;
				LOCALIZATION_PREFERS_STRING_CATALOGS = YES;
				MTL_ENABLE_DEBUG_INFO = INCLUDE_SOURCE;
				MTL_FAST_MATH = YES;
				ONLY_ACTIVE_ARCH = YES;
				SDKROOT = iphoneos;
				SWIFT_ACTIVE_COMPILATION_CONDITIONS = "DEBUG $(inherited)";
				SWIFT_OPTIMIZATION_LEVEL = "-Onone";
			};
			name = Debug;
		};
		B55A6F582C1E8FD000243D16 /* Release */ = {
			isa = XCBuildConfiguration;
			buildSettings = {
				ALWAYS_SEARCH_USER_PATHS = NO;
				ASSETCATALOG_COMPILER_GENERATE_SWIFT_ASSET_SYMBOL_EXTENSIONS = YES;
				CLANG_ANALYZER_NONNULL = YES;
				CLANG_ANALYZER_NUMBER_OBJECT_CONVERSION = YES_AGGRESSIVE;
				CLANG_CXX_LANGUAGE_STANDARD = "gnu++20";
				CLANG_ENABLE_MODULES = YES;
				CLANG_ENABLE_OBJC_ARC = YES;
				CLANG_ENABLE_OBJC_WEAK = YES;
				CLANG_WARN_BLOCK_CAPTURE_AUTORELEASING = YES;
				CLANG_WARN_BOOL_CONVERSION = YES;
				CLANG_WARN_COMMA = YES;
				CLANG_WARN_CONSTANT_CONVERSION = YES;
				CLANG_WARN_DEPRECATED_OBJC_IMPLEMENTATIONS = YES;
				CLANG_WARN_DIRECT_OBJC_ISA_USAGE = YES_ERROR;
				CLANG_WARN_DOCUMENTATION_COMMENTS = YES;
				CLANG_WARN_EMPTY_BODY = YES;
				CLANG_WARN_ENUM_CONVERSION = YES;
				CLANG_WARN_INFINITE_RECURSION = YES;
				CLANG_WARN_INT_CONVERSION = YES;
				CLANG_WARN_NON_LITERAL_NULL_CONVERSION = YES;
				CLANG_WARN_OBJC_IMPLICIT_RETAIN_SELF = YES;
				CLANG_WARN_OBJC_LITERAL_CONVERSION = YES;
				CLANG_WARN_OBJC_ROOT_CLASS = YES_ERROR;
				CLANG_WARN_QUOTED_INCLUDE_IN_FRAMEWORK_HEADER = YES;
				CLANG_WARN_RANGE_LOOP_ANALYSIS = YES;
				CLANG_WARN_STRICT_PROTOTYPES = YES;
				CLANG_WARN_SUSPICIOUS_MOVE = YES;
				CLANG_WARN_UNGUARDED_AVAILABILITY = YES_AGGRESSIVE;
				CLANG_WARN_UNREACHABLE_CODE = YES;
				CLANG_WARN__DUPLICATE_METHOD_MATCH = YES;
				COPY_PHASE_STRIP = NO;
				DEBUG_INFORMATION_FORMAT = "dwarf-with-dsym";
				ENABLE_NS_ASSERTIONS = NO;
				ENABLE_STRICT_OBJC_MSGSEND = YES;
				ENABLE_USER_SCRIPT_SANDBOXING = YES;
				GCC_C_LANGUAGE_STANDARD = gnu17;
				GCC_NO_COMMON_BLOCKS = YES;
				GCC_WARN_64_TO_32_BIT_CONVERSION = YES;
				GCC_WARN_ABOUT_RETURN_TYPE = YES_ERROR;
				GCC_WARN_UNDECLARED_SELECTOR = YES;
				GCC_WARN_UNINITIALIZED_AUTOS = YES_AGGRESSIVE;
				GCC_WARN_UNUSED_FUNCTION = YES;
				GCC_WARN_UNUSED_VARIABLE = YES;
				IPHONEOS_DEPLOYMENT_TARGET = 17.5;
				LOCALIZATION_PREFERS_STRING_CATALOGS = YES;
				MTL_ENABLE_DEBUG_INFO = NO;
				MTL_FAST_MATH = YES;
				SDKROOT = iphoneos;
				SWIFT_COMPILATION_MODE = wholemodule;
				VALIDATE_PRODUCT = YES;
			};
			name = Release;
		};
		B55A6F5A2C1E8FD000243D16 /* Debug */ = {
			isa = XCBuildConfiguration;
			buildSettings = {
				ASSETCATALOG_COMPILER_APPICON_NAME = AppIcon;
				ASSETCATALOG_COMPILER_GLOBAL_ACCENT_COLOR_NAME = AccentColor;
				CODE_SIGN_STYLE = Automatic;
				CURRENT_PROJECT_VERSION = 1;
				GENERATE_INFOPLIST_FILE = YES;
				INFOPLIST_FILE = "Light app/Info.plist";
				INFOPLIST_KEY_UIApplicationSupportsIndirectInputEvents = YES;
				INFOPLIST_KEY_UILaunchStoryboardName = LaunchScreen;
				INFOPLIST_KEY_UIMainStoryboardFile = Main;
				INFOPLIST_KEY_UISupportedInterfaceOrientations_iPad = "UIInterfaceOrientationPortrait UIInterfaceOrientationPortraitUpsideDown UIInterfaceOrientationLandscapeLeft UIInterfaceOrientationLandscapeRight";
				INFOPLIST_KEY_UISupportedInterfaceOrientations_iPhone = "UIInterfaceOrientationPortrait UIInterfaceOrientationLandscapeLeft UIInterfaceOrientationLandscapeRight";
				LD_RUNPATH_SEARCH_PATHS = (
					"$(inherited)",
					"@executable_path/Frameworks",
				);
				MARKETING_VERSION = 1.0;
				PRODUCT_BUNDLE_IDENTIFIER = "hetciu.Light-app";
				PRODUCT_NAME = "$(TARGET_NAME)";
				SWIFT_EMIT_LOC_STRINGS = YES;
				SWIFT_VERSION = 5.0;
				TARGETED_DEVICE_FAMILY = "1,2";
			};
			name = Debug;
		};
		B55A6F5B2C1E8FD000243D16 /* Release */ = {
			isa = XCBuildConfiguration;
			buildSettings = {
				ASSETCATALOG_COMPILER_APPICON_NAME = AppIcon;
				ASSETCATALOG_COMPILER_GLOBAL_ACCENT_COLOR_NAME = AccentColor;
				CODE_SIGN_STYLE = Automatic;
				CURRENT_PROJECT_VERSION = 1;
				GENERATE_INFOPLIST_FILE = YES;
				INFOPLIST_FILE = "Light app/Info.plist";
				INFOPLIST_KEY_UIApplicationSupportsIndirectInputEvents = YES;
				INFOPLIST_KEY_UILaunchStoryboardName = LaunchScreen;
				INFOPLIST_KEY_UIMainStoryboardFile = Main;
				INFOPLIST_KEY_UISupportedInterfaceOrientations_iPad = "UIInterfaceOrientationPortrait UIInterfaceOrientationPortraitUpsideDown UIInterfaceOrientationLandscapeLeft UIInterfaceOrientationLandscapeRight";
				INFOPLIST_KEY_UISupportedInterfaceOrientations_iPhone = "UIInterfaceOrientationPortrait UIInterfaceOrientationLandscapeLeft UIInterfaceOrientationLandscapeRight";
				LD_RUNPATH_SEARCH_PATHS = (
					"$(inherited)",
					"@executable_path/Frameworks",
				);
				MARKETING_VERSION = 1.0;
				PRODUCT_BUNDLE_IDENTIFIER = "hetciu.Light-app";
				PRODUCT_NAME = "$(TARGET_NAME)";
				SWIFT_EMIT_LOC_STRINGS = YES;
				SWIFT_VERSION = 5.0;
				TARGETED_DEVICE_FAMILY = "1,2";
			};
			name = Release;
		};
		B55A6F5D2C1E8FD000243D16 /* Debug */ = {
			isa = XCBuildConfiguration;
			buildSettings = {
				ALWAYS_EMBED_SWIFT_STANDARD_LIBRARIES = YES;
				BUNDLE_LOADER = "$(TEST_HOST)";
				CODE_SIGN_STYLE = Automatic;
				CURRENT_PROJECT_VERSION = 1;
				GENERATE_INFOPLIST_FILE = YES;
				IPHONEOS_DEPLOYMENT_TARGET = 17.5;
				MARKETING_VERSION = 1.0;
				PRODUCT_BUNDLE_IDENTIFIER = "hetciu.Light-appTests";
				PRODUCT_NAME = "$(TARGET_NAME)";
				SWIFT_EMIT_LOC_STRINGS = NO;
				SWIFT_VERSION = 5.0;
				TARGETED_DEVICE_FAMILY = "1,2";
				TEST_HOST = "$(BUILT_PRODUCTS_DIR)/Light app.app/$(BUNDLE_EXECUTABLE_FOLDER_PATH)/Light app";
			};
			name = Debug;
		};
		B55A6F5E2C1E8FD000243D16 /* Release */ = {
			isa = XCBuildConfiguration;
			buildSettings = {
				ALWAYS_EMBED_SWIFT_STANDARD_LIBRARIES = YES;
				BUNDLE_LOADER = "$(TEST_HOST)";
				CODE_SIGN_STYLE = Automatic;
				CURRENT_PROJECT_VERSION = 1;
				GENERATE_INFOPLIST_FILE = YES;
				IPHONEOS_DEPLOYMENT_TARGET = 17.5;
				MARKETING_VERSION = 1.0;
				PRODUCT_BUNDLE_IDENTIFIER = "hetciu.Light-appTests";
				PRODUCT_NAME = "$(TARGET_NAME)";
				SWIFT_EMIT_LOC_STRINGS = NO;
				SWIFT_VERSION = 5.0;
				TARGETED_DEVICE_FAMILY = "1,2";
				TEST_HOST = "$(BUILT_PRODUCTS_DIR)/Light app.app/$(BUNDLE_EXECUTABLE_FOLDER_PATH)/Light app";
			};
			name = Release;
		};
		B55A6F602C1E8FD000243D16 /* Debug */ = {
			isa = XCBuildConfiguration;
			buildSettings = {
				ALWAYS_EMBED_SWIFT_STANDARD_LIBRARIES = YES;
				CODE_SIGN_STYLE = Automatic;
				CURRENT_PROJECT_VERSION = 1;
				GENERATE_INFOPLIST_FILE = YES;
				MARKETING_VERSION = 1.0;
				PRODUCT_BUNDLE_IDENTIFIER = "hetciu.Light-appUITests";
				PRODUCT_NAME = "$(TARGET_NAME)";
				SWIFT_EMIT_LOC_STRINGS = NO;
				SWIFT_VERSION = 5.0;
				TARGETED_DEVICE_FAMILY = "1,2";
				TEST_TARGET_NAME = "Light app";
			};
			name = Debug;
		};
		B55A6F612C1E8FD000243D16 /* Release */ = {
			isa = XCBuildConfiguration;
			buildSettings = {
				ALWAYS_EMBED_SWIFT_STANDARD_LIBRARIES = YES;
				CODE_SIGN_STYLE = Automatic;
				CURRENT_PROJECT_VERSION = 1;
				GENERATE_INFOPLIST_FILE = YES;
				MARKETING_VERSION = 1.0;
				PRODUCT_BUNDLE_IDENTIFIER = "hetciu.Light-appUITests";
				PRODUCT_NAME = "$(TARGET_NAME)";
				SWIFT_EMIT_LOC_STRINGS = NO;
				SWIFT_VERSION = 5.0;
				TARGETED_DEVICE_FAMILY = "1,2";
				TEST_TARGET_NAME = "Light app";
			};
			name = Release;
		};
/* End XCBuildConfiguration section */

/* Begin XCConfigurationList section */
		B55A6F2A2C1E8FCF00243D16 /* Build configuration list for PBXProject "Light app" */ = {
			isa = XCConfigurationList;
			buildConfigurations = (
				B55A6F572C1E8FD000243D16 /* Debug */,
				B55A6F582C1E8FD000243D16 /* Release */,
			);
			defaultConfigurationIsVisible = 0;
			defaultConfigurationName = Release;
		};
		B55A6F592C1E8FD000243D16 /* Build configuration list for PBXNativeTarget "Light app" */ = {
			isa = XCConfigurationList;
			buildConfigurations = (
				B55A6F5A2C1E8FD000243D16 /* Debug */,
				B55A6F5B2C1E8FD000243D16 /* Release */,
			);
			defaultConfigurationIsVisible = 0;
			defaultConfigurationName = Release;
		};
		B55A6F5C2C1E8FD000243D16 /* Build configuration list for PBXNativeTarget "Light appTests" */ = {
			isa = XCConfigurationList;
			buildConfigurations = (
				B55A6F5D2C1E8FD000243D16 /* Debug */,
				B55A6F5E2C1E8FD000243D16 /* Release */,
			);
			defaultConfigurationIsVisible = 0;
			defaultConfigurationName = Release;
		};
		B55A6F5F2C1E8FD000243D16 /* Build configuration list for PBXNativeTarget "Light appUITests" */ = {
			isa = XCConfigurationList;
			buildConfigurations = (
				B55A6F602C1E8FD000243D16 /* Debug */,
				B55A6F612C1E8FD000243D16 /* Release */,
			);
			defaultConfigurationIsVisible = 0;
			defaultConfigurationName = Release;
		};
/* End XCConfigurationList section */
	};
	rootObject = B55A6F272C1E8FCF00243D16 /* Project object */;
}
